// !$*UTF8*$!
{
	archiveVersion = 1;
	classes = {
	};
	objectVersion = 46;
	objects = {

/* Begin PBXBuildFile section */
		2D09EB201F6EBC1F0028632B /* Assets.xcassets in Resources */ = {isa = PBXBuildFile; fileRef = 2D09EB1F1F6EBC1F0028632B /* Assets.xcassets */; };
		2D09EB221F6F0D850028632B /* ProfileViewController.swift in Sources */ = {isa = PBXBuildFile; fileRef = 2D09EB211F6F0D850028632B /* ProfileViewController.swift */; };
		2D66E26F1F6DA429001D015E /* AppDelegate.swift in Sources */ = {isa = PBXBuildFile; fileRef = 2D66E26E1F6DA429001D015E /* AppDelegate.swift */; };
		2D66E2711F6DA429001D015E /* AdosLoginViewController.swift in Sources */ = {isa = PBXBuildFile; fileRef = 2D66E2701F6DA429001D015E /* AdosLoginViewController.swift */; };
		2D66E2741F6DA429001D015E /* Main.storyboard in Resources */ = {isa = PBXBuildFile; fileRef = 2D66E2721F6DA429001D015E /* Main.storyboard */; };
		2D66E2791F6DA429001D015E /* LaunchScreen.storyboard in Resources */ = {isa = PBXBuildFile; fileRef = 2D66E2771F6DA429001D015E /* LaunchScreen.storyboard */; };
		A32BDD921F829FFB002EA62F /* SignUpViewController.swift in Sources */ = {isa = PBXBuildFile; fileRef = A32BDD911F829FFB002EA62F /* SignUpViewController.swift */; };
		A3480A721F83EE4D009CCEBE /* PersonalInformationViewController.swift in Sources */ = {isa = PBXBuildFile; fileRef = A3480A711F83EE4D009CCEBE /* PersonalInformationViewController.swift */; };
		A36194B11F91405E005754A4 /* InvestmentViewController.swift in Sources */ = {isa = PBXBuildFile; fileRef = A36194B01F91405E005754A4 /* InvestmentViewController.swift */; };
		A36194B31F9148F0005754A4 /* RegulatoryQuestionsViewController.swift in Sources */ = {isa = PBXBuildFile; fileRef = A36194B21F9148F0005754A4 /* RegulatoryQuestionsViewController.swift */; };
		A363BCF21F74005200FFCBC2 /* SafariServices.framework in Frameworks */ = {isa = PBXBuildFile; fileRef = A363BCF11F74005200FFCBC2 /* SafariServices.framework */; };
		A37D46BD1F8EA91F005534F2 /* ResidenceStatusViewController.swift in Sources */ = {isa = PBXBuildFile; fileRef = A37D46BC1F8EA91F005534F2 /* ResidenceStatusViewController.swift */; };
		A37DEE7B1F86BBCA004E53D9 /* PhoneConfirmationViewController.swift in Sources */ = {isa = PBXBuildFile; fileRef = A37DEE7A1F86BBCA004E53D9 /* PhoneConfirmationViewController.swift */; };
		A38457391F8CFE6100191D90 /* AdressViewController.swift in Sources */ = {isa = PBXBuildFile; fileRef = A38457381F8CFE6100191D90 /* AdressViewController.swift */; };
		A384573B1F8D06BE00191D90 /* AccountViewController.swift in Sources */ = {isa = PBXBuildFile; fileRef = A384573A1F8D06BE00191D90 /* AccountViewController.swift */; };
		A38457421F8D159D00191D90 /* Extensions.swift in Sources */ = {isa = PBXBuildFile; fileRef = A38457411F8D159D00191D90 /* Extensions.swift */; };
		A38457451F8D16CA00191D90 /* SignUp.swift in Sources */ = {isa = PBXBuildFile; fileRef = A38457441F8D16CA00191D90 /* SignUp.swift */; };
		A38457481F8D197E00191D90 /* Info.plist in Resources */ = {isa = PBXBuildFile; fileRef = 2D66E27A1F6DA429001D015E /* Info.plist */; };
		A391CA1C1F7BFA5400C855FB /* ForgotPassViewController.swift in Sources */ = {isa = PBXBuildFile; fileRef = A391CA1B1F7BFA5400C855FB /* ForgotPassViewController.swift */; };
		A39635981F9106C100BF4FE5 /* AnnualIncomeViewController.swift in Sources */ = {isa = PBXBuildFile; fileRef = A39635971F9106C100BF4FE5 /* AnnualIncomeViewController.swift */; };
		A396359A1F91100900BF4FE5 /* EmploymentStatusViewController.swift in Sources */ = {isa = PBXBuildFile; fileRef = A39635991F91100900BF4FE5 /* EmploymentStatusViewController.swift */; };
		A3B075FB1F94F2DE00BB051E /* TermsOfUseViewController.swift in Sources */ = {isa = PBXBuildFile; fileRef = A3B075FA1F94F2DE00BB051E /* TermsOfUseViewController.swift */; };
		A3B075FD1F95018D00BB051E /* RequestDebitCardViewController.swift in Sources */ = {isa = PBXBuildFile; fileRef = A3B075FC1F95018D00BB051E /* RequestDebitCardViewController.swift */; };
		A3B075FF1F952D6100BB051E /* FundingViewController.swift in Sources */ = {isa = PBXBuildFile; fileRef = A3B075FE1F952D6100BB051E /* FundingViewController.swift */; };
		A3C7C5831F71440700ABEB0D /* GoogleService-Info.plist in Resources */ = {isa = PBXBuildFile; fileRef = A3C7C5821F71440700ABEB0D /* GoogleService-Info.plist */; };
		A3D08B351F954BA700D0CB6C /* InvestmentSelectionViewController.swift in Sources */ = {isa = PBXBuildFile; fileRef = A3D08B341F954BA700D0CB6C /* InvestmentSelectionViewController.swift */; };
		A3DC2AB91F87FBBA00FA2EB5 /* SignUp.storyboard in Resources */ = {isa = PBXBuildFile; fileRef = A3DC2AB81F87FBBA00FA2EB5 /* SignUp.storyboard */; };
		A3DEF10A1F7588190080B396 /* Constant.swift in Sources */ = {isa = PBXBuildFile; fileRef = A3DEF1091F7588190080B396 /* Constant.swift */; };
		B48B5B9A9F79E15A3B52D3E4 /* Pods_AdosFirebaseSocialLogin.framework in Frameworks */ = {isa = PBXBuildFile; fileRef = 71057C8930CE5F2E058B8CC2 /* Pods_AdosFirebaseSocialLogin.framework */; };
/* End PBXBuildFile section */

/* Begin PBXFileReference section */
		2D09EB1F1F6EBC1F0028632B /* Assets.xcassets */ = {isa = PBXFileReference; lastKnownFileType = folder.assetcatalog; path = Assets.xcassets; sourceTree = "<group>"; };
		2D09EB211F6F0D850028632B /* ProfileViewController.swift */ = {isa = PBXFileReference; fileEncoding = 4; lastKnownFileType = sourcecode.swift; path = ProfileViewController.swift; sourceTree = "<group>"; };
		2D66E26B1F6DA429001D015E /* AdosFirebaseSocialLogin.app */ = {isa = PBXFileReference; explicitFileType = wrapper.application; includeInIndex = 0; path = AdosFirebaseSocialLogin.app; sourceTree = BUILT_PRODUCTS_DIR; };
		2D66E26E1F6DA429001D015E /* AppDelegate.swift */ = {isa = PBXFileReference; lastKnownFileType = sourcecode.swift; path = AppDelegate.swift; sourceTree = "<group>"; };
		2D66E2701F6DA429001D015E /* AdosLoginViewController.swift */ = {isa = PBXFileReference; lastKnownFileType = sourcecode.swift; path = AdosLoginViewController.swift; sourceTree = "<group>"; };
		2D66E2731F6DA429001D015E /* Base */ = {isa = PBXFileReference; lastKnownFileType = file.storyboard; name = Base; path = Base.lproj/Main.storyboard; sourceTree = "<group>"; };
		2D66E2781F6DA429001D015E /* Base */ = {isa = PBXFileReference; lastKnownFileType = file.storyboard; name = Base; path = Base.lproj/LaunchScreen.storyboard; sourceTree = "<group>"; };
		2D66E27A1F6DA429001D015E /* Info.plist */ = {isa = PBXFileReference; lastKnownFileType = text.plist.xml; path = Info.plist; sourceTree = "<group>"; };
		3389FB0C4A4B23A1A15CDACB /* Pods-AdosFirebaseSocialLogin.debug.xcconfig */ = {isa = PBXFileReference; includeInIndex = 1; lastKnownFileType = text.xcconfig; name = "Pods-AdosFirebaseSocialLogin.debug.xcconfig"; path = "Pods/Target Support Files/Pods-AdosFirebaseSocialLogin/Pods-AdosFirebaseSocialLogin.debug.xcconfig"; sourceTree = "<group>"; };
		71057C8930CE5F2E058B8CC2 /* Pods_AdosFirebaseSocialLogin.framework */ = {isa = PBXFileReference; explicitFileType = wrapper.framework; includeInIndex = 0; path = Pods_AdosFirebaseSocialLogin.framework; sourceTree = BUILT_PRODUCTS_DIR; };
		A32BDD911F829FFB002EA62F /* SignUpViewController.swift */ = {isa = PBXFileReference; lastKnownFileType = sourcecode.swift; path = SignUpViewController.swift; sourceTree = "<group>"; };
		A3480A711F83EE4D009CCEBE /* PersonalInformationViewController.swift */ = {isa = PBXFileReference; lastKnownFileType = sourcecode.swift; name = PersonalInformationViewController.swift; path = AdosFirebaseSocialLogin/Controllers/PersonalInformationViewController.swift; sourceTree = SOURCE_ROOT; };
		A36194B01F91405E005754A4 /* InvestmentViewController.swift */ = {isa = PBXFileReference; lastKnownFileType = sourcecode.swift; path = InvestmentViewController.swift; sourceTree = "<group>"; };
		A36194B21F9148F0005754A4 /* RegulatoryQuestionsViewController.swift */ = {isa = PBXFileReference; lastKnownFileType = sourcecode.swift; path = RegulatoryQuestionsViewController.swift; sourceTree = "<group>"; };
		A363BCF11F74005200FFCBC2 /* SafariServices.framework */ = {isa = PBXFileReference; lastKnownFileType = wrapper.framework; name = SafariServices.framework; path = System/Library/Frameworks/SafariServices.framework; sourceTree = SDKROOT; };
		A37D46BC1F8EA91F005534F2 /* ResidenceStatusViewController.swift */ = {isa = PBXFileReference; lastKnownFileType = sourcecode.swift; path = ResidenceStatusViewController.swift; sourceTree = "<group>"; };
		A37DEE7A1F86BBCA004E53D9 /* PhoneConfirmationViewController.swift */ = {isa = PBXFileReference; lastKnownFileType = sourcecode.swift; path = PhoneConfirmationViewController.swift; sourceTree = "<group>"; };
		A38457381F8CFE6100191D90 /* AdressViewController.swift */ = {isa = PBXFileReference; lastKnownFileType = sourcecode.swift; path = AdressViewController.swift; sourceTree = "<group>"; };
		A384573A1F8D06BE00191D90 /* AccountViewController.swift */ = {isa = PBXFileReference; lastKnownFileType = sourcecode.swift; path = AccountViewController.swift; sourceTree = "<group>"; };
		A38457411F8D159D00191D90 /* Extensions.swift */ = {isa = PBXFileReference; lastKnownFileType = sourcecode.swift; path = Extensions.swift; sourceTree = "<group>"; };
		A38457441F8D16CA00191D90 /* SignUp.swift */ = {isa = PBXFileReference; lastKnownFileType = sourcecode.swift; path = SignUp.swift; sourceTree = "<group>"; };
		A391CA1B1F7BFA5400C855FB /* ForgotPassViewController.swift */ = {isa = PBXFileReference; lastKnownFileType = sourcecode.swift; path = ForgotPassViewController.swift; sourceTree = "<group>"; };
		A39635971F9106C100BF4FE5 /* AnnualIncomeViewController.swift */ = {isa = PBXFileReference; lastKnownFileType = sourcecode.swift; path = AnnualIncomeViewController.swift; sourceTree = "<group>"; };
		A39635991F91100900BF4FE5 /* EmploymentStatusViewController.swift */ = {isa = PBXFileReference; lastKnownFileType = sourcecode.swift; path = EmploymentStatusViewController.swift; sourceTree = "<group>"; };
		A3B075FA1F94F2DE00BB051E /* TermsOfUseViewController.swift */ = {isa = PBXFileReference; lastKnownFileType = sourcecode.swift; path = TermsOfUseViewController.swift; sourceTree = "<group>"; };
		A3B075FC1F95018D00BB051E /* RequestDebitCardViewController.swift */ = {isa = PBXFileReference; lastKnownFileType = sourcecode.swift; path = RequestDebitCardViewController.swift; sourceTree = "<group>"; };
		A3B075FE1F952D6100BB051E /* FundingViewController.swift */ = {isa = PBXFileReference; lastKnownFileType = sourcecode.swift; path = FundingViewController.swift; sourceTree = "<group>"; };
		A3C7C5821F71440700ABEB0D /* GoogleService-Info.plist */ = {isa = PBXFileReference; fileEncoding = 4; lastKnownFileType = text.plist.xml; path = "GoogleService-Info.plist"; sourceTree = "<group>"; };
		A3D08B341F954BA700D0CB6C /* InvestmentSelectionViewController.swift */ = {isa = PBXFileReference; lastKnownFileType = sourcecode.swift; path = InvestmentSelectionViewController.swift; sourceTree = "<group>"; };
		A3DC2AB81F87FBBA00FA2EB5 /* SignUp.storyboard */ = {isa = PBXFileReference; fileEncoding = 4; lastKnownFileType = file.storyboard; path = SignUp.storyboard; sourceTree = "<group>"; };
		A3DEF1091F7588190080B396 /* Constant.swift */ = {isa = PBXFileReference; lastKnownFileType = sourcecode.swift; path = Constant.swift; sourceTree = "<group>"; };
		AF38E9CB4A22F9EB28B288A9 /* Pods-AdosFirebaseSocialLogin.release.xcconfig */ = {isa = PBXFileReference; includeInIndex = 1; lastKnownFileType = text.xcconfig; name = "Pods-AdosFirebaseSocialLogin.release.xcconfig"; path = "Pods/Target Support Files/Pods-AdosFirebaseSocialLogin/Pods-AdosFirebaseSocialLogin.release.xcconfig"; sourceTree = "<group>"; };
/* End PBXFileReference section */

/* Begin PBXFrameworksBuildPhase section */
		2D66E2681F6DA429001D015E /* Frameworks */ = {
			isa = PBXFrameworksBuildPhase;
			buildActionMask = 2147483647;
			files = (
				A363BCF21F74005200FFCBC2 /* SafariServices.framework in Frameworks */,
				B48B5B9A9F79E15A3B52D3E4 /* Pods_AdosFirebaseSocialLogin.framework in Frameworks */,
			);
			runOnlyForDeploymentPostprocessing = 0;
		};
/* End PBXFrameworksBuildPhase section */

/* Begin PBXGroup section */
		2D66E2621F6DA429001D015E = {
			isa = PBXGroup;
			children = (
				2D66E26D1F6DA429001D015E /* AdosFirebaseSocialLogin */,
				8372CDF395FC19D0B0BC6A95 /* Pods */,
				6BBC450BEB2377923F22B3C8 /* Frameworks */,
			);
			sourceTree = "<group>";
		};
		2D66E26C1F6DA429001D015E /* Products */ = {
			isa = PBXGroup;
			children = (
				2D66E26B1F6DA429001D015E /* AdosFirebaseSocialLogin.app */,
			);
			name = Products;
			path = ..;
			sourceTree = "<group>";
		};
		2D66E26D1F6DA429001D015E /* AdosFirebaseSocialLogin */ = {
			isa = PBXGroup;
			children = (
				A38457431F8D164E00191D90 /* Application */,
				A384573D1F8D143100191D90 /* Controllers */,
				A384573E1F8D14D700191D90 /* Library */,
				A384573C1F8D13F800191D90 /* Models */,
				A38457471F8D176500191D90 /* Supporting Files */,
				A33DEE6D1F72A5E700FB0B3E /* Resourses */,
				2D66E26C1F6DA429001D015E /* Products */,
			);
			path = AdosFirebaseSocialLogin;
			sourceTree = "<group>";
		};
		6BBC450BEB2377923F22B3C8 /* Frameworks */ = {
			isa = PBXGroup;
			children = (
				A363BCF11F74005200FFCBC2 /* SafariServices.framework */,
				71057C8930CE5F2E058B8CC2 /* Pods_AdosFirebaseSocialLogin.framework */,
			);
			name = Frameworks;
			sourceTree = "<group>";
		};
		8372CDF395FC19D0B0BC6A95 /* Pods */ = {
			isa = PBXGroup;
			children = (
				3389FB0C4A4B23A1A15CDACB /* Pods-AdosFirebaseSocialLogin.debug.xcconfig */,
				AF38E9CB4A22F9EB28B288A9 /* Pods-AdosFirebaseSocialLogin.release.xcconfig */,
			);
			name = Pods;
			sourceTree = "<group>";
		};
		A33DEE6D1F72A5E700FB0B3E /* Resourses */ = {
			isa = PBXGroup;
			children = (
				A38457461F8D171900191D90 /* Media */,
				A33DEE6E1F72A5F900FB0B3E /* UI */,
			);
			path = Resourses;
			sourceTree = "<group>";
		};
		A33DEE6E1F72A5F900FB0B3E /* UI */ = {
			isa = PBXGroup;
			children = (
				A3DC2AB81F87FBBA00FA2EB5 /* SignUp.storyboard */,
				2D66E2721F6DA429001D015E /* Main.storyboard */,
				2D66E2771F6DA429001D015E /* LaunchScreen.storyboard */,
			);
			path = UI;
			sourceTree = "<group>";
		};
		A384573C1F8D13F800191D90 /* Models */ = {
			isa = PBXGroup;
			children = (
				A38457441F8D16CA00191D90 /* SignUp.swift */,
			);
			path = Models;
			sourceTree = "<group>";
		};
		A384573D1F8D143100191D90 /* Controllers */ = {
			isa = PBXGroup;
			children = (
				A384573A1F8D06BE00191D90 /* AccountViewController.swift */,
				A38457381F8CFE6100191D90 /* AdressViewController.swift */,
				2D66E2701F6DA429001D015E /* AdosLoginViewController.swift */,
				A39635971F9106C100BF4FE5 /* AnnualIncomeViewController.swift */,
				A39635991F91100900BF4FE5 /* EmploymentStatusViewController.swift */,
				A391CA1B1F7BFA5400C855FB /* ForgotPassViewController.swift */,
				A3B075FE1F952D6100BB051E /* FundingViewController.swift */,
				A36194B01F91405E005754A4 /* InvestmentViewController.swift */,
				A3D08B341F954BA700D0CB6C /* InvestmentSelectionViewController.swift */,
				A3480A711F83EE4D009CCEBE /* PersonalInformationViewController.swift */,
				A37DEE7A1F86BBCA004E53D9 /* PhoneConfirmationViewController.swift */,
				2D09EB211F6F0D850028632B /* ProfileViewController.swift */,
				A36194B21F9148F0005754A4 /* RegulatoryQuestionsViewController.swift */,
				A3B075FC1F95018D00BB051E /* RequestDebitCardViewController.swift */,
				A37D46BC1F8EA91F005534F2 /* ResidenceStatusViewController.swift */,
				A32BDD911F829FFB002EA62F /* SignUpViewController.swift */,
				A3B075FA1F94F2DE00BB051E /* TermsOfUseViewController.swift */,
			);
			path = Controllers;
			sourceTree = "<group>";
		};
		A384573E1F8D14D700191D90 /* Library */ = {
			isa = PBXGroup;
			children = (
				A38457401F8D158100191D90 /* Extensions */,
				A384573F1F8D154200191D90 /* Helpers */,
			);
			path = Library;
			sourceTree = "<group>";
		};
		A384573F1F8D154200191D90 /* Helpers */ = {
			isa = PBXGroup;
			children = (
				A3DEF1091F7588190080B396 /* Constant.swift */,
			);
			path = Helpers;
			sourceTree = "<group>";
		};
		A38457401F8D158100191D90 /* Extensions */ = {
			isa = PBXGroup;
			children = (
				A38457411F8D159D00191D90 /* Extensions.swift */,
			);
			path = Extensions;
			sourceTree = "<group>";
		};
		A38457431F8D164E00191D90 /* Application */ = {
			isa = PBXGroup;
			children = (
				2D66E26E1F6DA429001D015E /* AppDelegate.swift */,
			);
			path = Application;
			sourceTree = "<group>";
		};
		A38457461F8D171900191D90 /* Media */ = {
			isa = PBXGroup;
			children = (
				2D09EB1F1F6EBC1F0028632B /* Assets.xcassets */,
			);
			path = Media;
			sourceTree = "<group>";
		};
		A38457471F8D176500191D90 /* Supporting Files */ = {
			isa = PBXGroup;
			children = (
				2D66E27A1F6DA429001D015E /* Info.plist */,
				A3C7C5821F71440700ABEB0D /* GoogleService-Info.plist */,
			);
			path = "Supporting Files";
			sourceTree = "<group>";
		};
/* End PBXGroup section */

/* Begin PBXNativeTarget section */
		2D66E26A1F6DA429001D015E /* AdosFirebaseSocialLogin */ = {
			isa = PBXNativeTarget;
			buildConfigurationList = 2D66E27D1F6DA429001D015E /* Build configuration list for PBXNativeTarget "AdosFirebaseSocialLogin" */;
			buildPhases = (
				0440F139425A69570D1FA6AD /* [CP] Check Pods Manifest.lock */,
				2D66E2671F6DA429001D015E /* Sources */,
				2D66E2681F6DA429001D015E /* Frameworks */,
				2D66E2691F6DA429001D015E /* Resources */,
				220C8A70B059128A38907646 /* [CP] Embed Pods Frameworks */,
				51F750600E5186C2FEF3BB62 /* [CP] Copy Pods Resources */,
			);
			buildRules = (
			);
			dependencies = (
			);
			name = AdosFirebaseSocialLogin;
			productName = AdosFirebaseSocialLogin;
			productReference = 2D66E26B1F6DA429001D015E /* AdosFirebaseSocialLogin.app */;
			productType = "com.apple.product-type.application";
		};
/* End PBXNativeTarget section */

/* Begin PBXProject section */
		2D66E2631F6DA429001D015E /* Project object */ = {
			isa = PBXProject;
			attributes = {
				LastSwiftUpdateCheck = 0830;
				LastUpgradeCheck = 0830;
				ORGANIZATIONNAME = "Eduardo De La Cruz";
				TargetAttributes = {
					2D66E26A1F6DA429001D015E = {
						CreatedOnToolsVersion = 8.3.3;
						DevelopmentTeam = 273FZ5G5B8;
						ProvisioningStyle = Automatic;
					};
				};
			};
			buildConfigurationList = 2D66E2661F6DA429001D015E /* Build configuration list for PBXProject "AdosFirebaseSocialLogin" */;
			compatibilityVersion = "Xcode 3.2";
			developmentRegion = English;
			hasScannedForEncodings = 0;
			knownRegions = (
				en,
				Base,
			);
			mainGroup = 2D66E2621F6DA429001D015E;
			productRefGroup = 2D66E26C1F6DA429001D015E /* Products */;
			projectDirPath = "";
			projectRoot = "";
			targets = (
				2D66E26A1F6DA429001D015E /* AdosFirebaseSocialLogin */,
			);
		};
/* End PBXProject section */

/* Begin PBXResourcesBuildPhase section */
		2D66E2691F6DA429001D015E /* Resources */ = {
			isa = PBXResourcesBuildPhase;
			buildActionMask = 2147483647;
			files = (
				2D66E2791F6DA429001D015E /* LaunchScreen.storyboard in Resources */,
				A3C7C5831F71440700ABEB0D /* GoogleService-Info.plist in Resources */,
				A38457481F8D197E00191D90 /* Info.plist in Resources */,
				2D09EB201F6EBC1F0028632B /* Assets.xcassets in Resources */,
				2D66E2741F6DA429001D015E /* Main.storyboard in Resources */,
				A3DC2AB91F87FBBA00FA2EB5 /* SignUp.storyboard in Resources */,
			);
			runOnlyForDeploymentPostprocessing = 0;
		};
/* End PBXResourcesBuildPhase section */

/* Begin PBXShellScriptBuildPhase section */
		0440F139425A69570D1FA6AD /* [CP] Check Pods Manifest.lock */ = {
			isa = PBXShellScriptBuildPhase;
			buildActionMask = 2147483647;
			files = (
			);
			inputPaths = (
				"${PODS_PODFILE_DIR_PATH}/Podfile.lock",
				"${PODS_ROOT}/Manifest.lock",
			);
			name = "[CP] Check Pods Manifest.lock";
			outputPaths = (
				"$(DERIVED_FILE_DIR)/Pods-AdosFirebaseSocialLogin-checkManifestLockResult.txt",
			);
			runOnlyForDeploymentPostprocessing = 0;
			shellPath = /bin/sh;
			shellScript = "diff \"${PODS_PODFILE_DIR_PATH}/Podfile.lock\" \"${PODS_ROOT}/Manifest.lock\" > /dev/null\nif [ $? != 0 ] ; then\n    # print error to STDERR\n    echo \"error: The sandbox is not in sync with the Podfile.lock. Run 'pod install' or update your CocoaPods installation.\" >&2\n    exit 1\nfi\n# This output is used by Xcode 'outputs' to avoid re-running this script phase.\necho \"SUCCESS\" > \"${SCRIPT_OUTPUT_FILE_0}\"\n";
			showEnvVarsInLog = 0;
		};
		220C8A70B059128A38907646 /* [CP] Embed Pods Frameworks */ = {
			isa = PBXShellScriptBuildPhase;
			buildActionMask = 2147483647;
			files = (
			);
			inputPaths = (
				"${SRCROOT}/Pods/Target Support Files/Pods-AdosFirebaseSocialLogin/Pods-AdosFirebaseSocialLogin-frameworks.sh",
				"${BUILT_PRODUCTS_DIR}/Alamofire/Alamofire.framework",
				"${BUILT_PRODUCTS_DIR}/Bolts/Bolts.framework",
				"${BUILT_PRODUCTS_DIR}/FBSDKCoreKit/FBSDKCoreKit.framework",
				"${BUILT_PRODUCTS_DIR}/FBSDKLoginKit/FBSDKLoginKit.framework",
				"${BUILT_PRODUCTS_DIR}/FBSDKShareKit/FBSDKShareKit.framework",
				"${BUILT_PRODUCTS_DIR}/GTMOAuth2/GTMOAuth2.framework",
				"${BUILT_PRODUCTS_DIR}/GTMSessionFetcher/GTMSessionFetcher.framework",
				"${BUILT_PRODUCTS_DIR}/GoogleToolboxForMac/GoogleToolboxForMac.framework",
				"${BUILT_PRODUCTS_DIR}/IQKeyboardManagerSwift/IQKeyboardManagerSwift.framework",
				"${BUILT_PRODUCTS_DIR}/KVNProgress/KVNProgress.framework",
				"${BUILT_PRODUCTS_DIR}/nanopb/nanopb.framework",
			);
			name = "[CP] Embed Pods Frameworks";
			outputPaths = (
				"${TARGET_BUILD_DIR}/${FRAMEWORKS_FOLDER_PATH}/Alamofire.framework",
				"${TARGET_BUILD_DIR}/${FRAMEWORKS_FOLDER_PATH}/Bolts.framework",
				"${TARGET_BUILD_DIR}/${FRAMEWORKS_FOLDER_PATH}/FBSDKCoreKit.framework",
				"${TARGET_BUILD_DIR}/${FRAMEWORKS_FOLDER_PATH}/FBSDKLoginKit.framework",
				"${TARGET_BUILD_DIR}/${FRAMEWORKS_FOLDER_PATH}/FBSDKShareKit.framework",
				"${TARGET_BUILD_DIR}/${FRAMEWORKS_FOLDER_PATH}/GTMOAuth2.framework",
				"${TARGET_BUILD_DIR}/${FRAMEWORKS_FOLDER_PATH}/GTMSessionFetcher.framework",
				"${TARGET_BUILD_DIR}/${FRAMEWORKS_FOLDER_PATH}/GoogleToolboxForMac.framework",
				"${TARGET_BUILD_DIR}/${FRAMEWORKS_FOLDER_PATH}/IQKeyboardManagerSwift.framework",
				"${TARGET_BUILD_DIR}/${FRAMEWORKS_FOLDER_PATH}/KVNProgress.framework",
				"${TARGET_BUILD_DIR}/${FRAMEWORKS_FOLDER_PATH}/nanopb.framework",
			);
			runOnlyForDeploymentPostprocessing = 0;
			shellPath = /bin/sh;
			shellScript = "\"${SRCROOT}/Pods/Target Support Files/Pods-AdosFirebaseSocialLogin/Pods-AdosFirebaseSocialLogin-frameworks.sh\"\n";
			showEnvVarsInLog = 0;
		};
		51F750600E5186C2FEF3BB62 /* [CP] Copy Pods Resources */ = {
			isa = PBXShellScriptBuildPhase;
			buildActionMask = 2147483647;
			files = (
			);
			inputPaths = (
				"${SRCROOT}/Pods/Target Support Files/Pods-AdosFirebaseSocialLogin/Pods-AdosFirebaseSocialLogin-resources.sh",
				"${PODS_ROOT}/GoogleSignIn/Resources/GoogleSignIn.bundle",
				"${PODS_ROOT}/TwitterKit/iOS/TwitterKit.framework/TwitterKitResources.bundle",
				"${PODS_ROOT}/TwitterKit/iOS/TwitterKit.framework/TwitterShareExtensionUIResources.bundle",
			);
			name = "[CP] Copy Pods Resources";
			outputPaths = (
				"${TARGET_BUILD_DIR}/${UNLOCALIZED_RESOURCES_FOLDER_PATH}",
			);
			runOnlyForDeploymentPostprocessing = 0;
			shellPath = /bin/sh;
			shellScript = "\"${SRCROOT}/Pods/Target Support Files/Pods-AdosFirebaseSocialLogin/Pods-AdosFirebaseSocialLogin-resources.sh\"\n";
			showEnvVarsInLog = 0;
		};
/* End PBXShellScriptBuildPhase section */

/* Begin PBXSourcesBuildPhase section */
		2D66E2671F6DA429001D015E /* Sources */ = {
			isa = PBXSourcesBuildPhase;
			buildActionMask = 2147483647;
			files = (
				A32BDD921F829FFB002EA62F /* SignUpViewController.swift in Sources */,
				A37D46BD1F8EA91F005534F2 /* ResidenceStatusViewController.swift in Sources */,
				A36194B31F9148F0005754A4 /* RegulatoryQuestionsViewController.swift in Sources */,
				A39635981F9106C100BF4FE5 /* AnnualIncomeViewController.swift in Sources */,
				A3B075FF1F952D6100BB051E /* FundingViewController.swift in Sources */,
				A38457451F8D16CA00191D90 /* SignUp.swift in Sources */,
				A391CA1C1F7BFA5400C855FB /* ForgotPassViewController.swift in Sources */,
				A38457391F8CFE6100191D90 /* AdressViewController.swift in Sources */,
				A3480A721F83EE4D009CCEBE /* PersonalInformationViewController.swift in Sources */,
				A3D08B351F954BA700D0CB6C /* InvestmentSelectionViewController.swift in Sources */,
				A3B075FB1F94F2DE00BB051E /* TermsOfUseViewController.swift in Sources */,
				2D09EB221F6F0D850028632B /* ProfileViewController.swift in Sources */,
				2D66E2711F6DA429001D015E /* AdosLoginViewController.swift in Sources */,
				A38457421F8D159D00191D90 /* Extensions.swift in Sources */,
				A3B075FD1F95018D00BB051E /* RequestDebitCardViewController.swift in Sources */,
				2D66E26F1F6DA429001D015E /* AppDelegate.swift in Sources */,
				A396359A1F91100900BF4FE5 /* EmploymentStatusViewController.swift in Sources */,
				A37DEE7B1F86BBCA004E53D9 /* PhoneConfirmationViewController.swift in Sources */,
				A36194B11F91405E005754A4 /* InvestmentViewController.swift in Sources */,
				A3DEF10A1F7588190080B396 /* Constant.swift in Sources */,
				A384573B1F8D06BE00191D90 /* AccountViewController.swift in Sources */,
			);
			runOnlyForDeploymentPostprocessing = 0;
		};
/* End PBXSourcesBuildPhase section */

/* Begin PBXVariantGroup section */
		2D66E2721F6DA429001D015E /* Main.storyboard */ = {
			isa = PBXVariantGroup;
			children = (
				2D66E2731F6DA429001D015E /* Base */,
			);
			name = Main.storyboard;
			sourceTree = "<group>";
		};
		2D66E2771F6DA429001D015E /* LaunchScreen.storyboard */ = {
			isa = PBXVariantGroup;
			children = (
				2D66E2781F6DA429001D015E /* Base */,
			);
			name = LaunchScreen.storyboard;
			sourceTree = "<group>";
		};
/* End PBXVariantGroup section */

/* Begin XCBuildConfiguration section */
		2D66E27B1F6DA429001D015E /* Debug */ = {
			isa = XCBuildConfiguration;
			buildSettings = {
				ALWAYS_SEARCH_USER_PATHS = NO;
				CLANG_ANALYZER_NONNULL = YES;
				CLANG_ANALYZER_NUMBER_OBJECT_CONVERSION = YES_AGGRESSIVE;
				CLANG_CXX_LANGUAGE_STANDARD = "gnu++0x";
				CLANG_CXX_LIBRARY = "libc++";
				CLANG_ENABLE_MODULES = YES;
				CLANG_ENABLE_OBJC_ARC = YES;
				CLANG_WARN_BOOL_CONVERSION = YES;
				CLANG_WARN_CONSTANT_CONVERSION = YES;
				CLANG_WARN_DIRECT_OBJC_ISA_USAGE = YES_ERROR;
				CLANG_WARN_DOCUMENTATION_COMMENTS = YES;
				CLANG_WARN_EMPTY_BODY = YES;
				CLANG_WARN_ENUM_CONVERSION = YES;
				CLANG_WARN_INFINITE_RECURSION = YES;
				CLANG_WARN_INT_CONVERSION = YES;
				CLANG_WARN_OBJC_ROOT_CLASS = YES_ERROR;
				CLANG_WARN_SUSPICIOUS_MOVE = YES;
				CLANG_WARN_UNREACHABLE_CODE = YES;
				CLANG_WARN__DUPLICATE_METHOD_MATCH = YES;
				"CODE_SIGN_IDENTITY[sdk=iphoneos*]" = "iPhone Developer";
				COPY_PHASE_STRIP = NO;
				DEBUG_INFORMATION_FORMAT = dwarf;
				ENABLE_STRICT_OBJC_MSGSEND = YES;
				ENABLE_TESTABILITY = YES;
				GCC_C_LANGUAGE_STANDARD = gnu99;
				GCC_DYNAMIC_NO_PIC = NO;
				GCC_NO_COMMON_BLOCKS = YES;
				GCC_OPTIMIZATION_LEVEL = 0;
				GCC_PREPROCESSOR_DEFINITIONS = (
					"DEBUG=1",
					"$(inherited)",
				);
				GCC_WARN_64_TO_32_BIT_CONVERSION = YES;
				GCC_WARN_ABOUT_RETURN_TYPE = YES_ERROR;
				GCC_WARN_UNDECLARED_SELECTOR = YES;
				GCC_WARN_UNINITIALIZED_AUTOS = YES_AGGRESSIVE;
				GCC_WARN_UNUSED_FUNCTION = YES;
				GCC_WARN_UNUSED_VARIABLE = YES;
				IPHONEOS_DEPLOYMENT_TARGET = 10.3;
				MTL_ENABLE_DEBUG_INFO = YES;
				ONLY_ACTIVE_ARCH = YES;
				SDKROOT = iphoneos;
				SWIFT_ACTIVE_COMPILATION_CONDITIONS = DEBUG;
				SWIFT_OPTIMIZATION_LEVEL = "-Onone";
				TARGETED_DEVICE_FAMILY = "1,2";
			};
			name = Debug;
		};
		2D66E27C1F6DA429001D015E /* Release */ = {
			isa = XCBuildConfiguration;
			buildSettings = {
				ALWAYS_SEARCH_USER_PATHS = NO;
				CLANG_ANALYZER_NONNULL = YES;
				CLANG_ANALYZER_NUMBER_OBJECT_CONVERSION = YES_AGGRESSIVE;
				CLANG_CXX_LANGUAGE_STANDARD = "gnu++0x";
				CLANG_CXX_LIBRARY = "libc++";
				CLANG_ENABLE_MODULES = YES;
				CLANG_ENABLE_OBJC_ARC = YES;
				CLANG_WARN_BOOL_CONVERSION = YES;
				CLANG_WARN_CONSTANT_CONVERSION = YES;
				CLANG_WARN_DIRECT_OBJC_ISA_USAGE = YES_ERROR;
				CLANG_WARN_DOCUMENTATION_COMMENTS = YES;
				CLANG_WARN_EMPTY_BODY = YES;
				CLANG_WARN_ENUM_CONVERSION = YES;
				CLANG_WARN_INFINITE_RECURSION = YES;
				CLANG_WARN_INT_CONVERSION = YES;
				CLANG_WARN_OBJC_ROOT_CLASS = YES_ERROR;
				CLANG_WARN_SUSPICIOUS_MOVE = YES;
				CLANG_WARN_UNREACHABLE_CODE = YES;
				CLANG_WARN__DUPLICATE_METHOD_MATCH = YES;
				"CODE_SIGN_IDENTITY[sdk=iphoneos*]" = "iPhone Developer";
				COPY_PHASE_STRIP = NO;
				DEBUG_INFORMATION_FORMAT = "dwarf-with-dsym";
				ENABLE_NS_ASSERTIONS = NO;
				ENABLE_STRICT_OBJC_MSGSEND = YES;
				GCC_C_LANGUAGE_STANDARD = gnu99;
				GCC_NO_COMMON_BLOCKS = YES;
				GCC_WARN_64_TO_32_BIT_CONVERSION = YES;
				GCC_WARN_ABOUT_RETURN_TYPE = YES_ERROR;
				GCC_WARN_UNDECLARED_SELECTOR = YES;
				GCC_WARN_UNINITIALIZED_AUTOS = YES_AGGRESSIVE;
				GCC_WARN_UNUSED_FUNCTION = YES;
				GCC_WARN_UNUSED_VARIABLE = YES;
				IPHONEOS_DEPLOYMENT_TARGET = 10.3;
				MTL_ENABLE_DEBUG_INFO = NO;
				SDKROOT = iphoneos;
				SWIFT_OPTIMIZATION_LEVEL = "-Owholemodule";
				TARGETED_DEVICE_FAMILY = "1,2";
				VALIDATE_PRODUCT = YES;
			};
			name = Release;
		};
		2D66E27E1F6DA429001D015E /* Debug */ = {
			isa = XCBuildConfiguration;
			baseConfigurationReference = 3389FB0C4A4B23A1A15CDACB /* Pods-AdosFirebaseSocialLogin.debug.xcconfig */;
			buildSettings = {
				ASSETCATALOG_COMPILER_APPICON_NAME = AppIcon;
				DEVELOPMENT_TEAM = 273FZ5G5B8;
				INFOPLIST_FILE = "$(SRCROOT)/AdosFirebaseSocialLogin/Supporting Files/Info.plist";
				LD_RUNPATH_SEARCH_PATHS = "$(inherited) @executable_path/Frameworks";
				PRODUCT_BUNDLE_IDENTIFIER = com.eduardodelacruz.AdosFirebaseSocialLogin;
				PRODUCT_NAME = "$(TARGET_NAME)";
				SWIFT_VERSION = 3.0;
			};
			name = Debug;
		};
		2D66E27F1F6DA429001D015E /* Release */ = {
			isa = XCBuildConfiguration;
			baseConfigurationReference = AF38E9CB4A22F9EB28B288A9 /* Pods-AdosFirebaseSocialLogin.release.xcconfig */;
			buildSettings = {
				ASSETCATALOG_COMPILER_APPICON_NAME = AppIcon;
				DEVELOPMENT_TEAM = 273FZ5G5B8;
				INFOPLIST_FILE = "$(SRCROOT)/AdosFirebaseSocialLogin/Supporting Files/Info.plist";
				LD_RUNPATH_SEARCH_PATHS = "$(inherited) @executable_path/Frameworks";
				PRODUCT_BUNDLE_IDENTIFIER = com.eduardodelacruz.AdosFirebaseSocialLogin;
				PRODUCT_NAME = "$(TARGET_NAME)";
				SWIFT_VERSION = 3.0;
			};
			name = Release;
		};
/* End XCBuildConfiguration section */

/* Begin XCConfigurationList section */
		2D66E2661F6DA429001D015E /* Build configuration list for PBXProject "AdosFirebaseSocialLogin" */ = {
			isa = XCConfigurationList;
			buildConfigurations = (
				2D66E27B1F6DA429001D015E /* Debug */,
				2D66E27C1F6DA429001D015E /* Release */,
			);
			defaultConfigurationIsVisible = 0;
			defaultConfigurationName = Release;
		};
		2D66E27D1F6DA429001D015E /* Build configuration list for PBXNativeTarget "AdosFirebaseSocialLogin" */ = {
			isa = XCConfigurationList;
			buildConfigurations = (
				2D66E27E1F6DA429001D015E /* Debug */,
				2D66E27F1F6DA429001D015E /* Release */,
			);
			defaultConfigurationIsVisible = 0;
			defaultConfigurationName = Release;
		};
/* End XCConfigurationList section */
	};
	rootObject = 2D66E2631F6DA429001D015E /* Project object */;
}
